
Microsoft Visual Studio Solution File, Format Version 12.00
# Visual Studio Version 17
VisualStudioVersion = 17.5.33530.505
MinimumVisualStudioVersion = 10.0.40219.1
Project("{FAE04EC0-301F-11D3-BF4B-00C04F79EFBC}") = "AliOrdersExtract", "AliOrdersExtract\AliOrdersExtract.csproj", "{B9B1B8EB-656A-4BA9-879A-44972134BF04}"
EndProject
Global
	GlobalSection(SolutionConfigurationPlatforms) = preSolution
		Debug|Any CPU = Debug|Any CPU
		Release|Any CPU = Release|Any CPU
	EndGlobalSection
	GlobalSection(ProjectConfigurationPlatforms) = postSolution
		{B9B1B8EB-656A-4BA9-879A-44972134BF04}.Debug|Any CPU.ActiveCfg = Debug|Any CPU
		{B9B1B8EB-656A-4BA9-879A-44972134BF04}.Debug|Any CPU.Build.0 = Debug|Any CPU
		{B9B1B8EB-656A-4BA9-879A-44972134BF04}.Release|Any CPU.ActiveCfg = Release|Any CPU
		{B9B1B8EB-656A-4BA9-879A-44972134BF04}.Release|Any CPU.Build.0 = Release|Any CPU
	EndGlobalSection
	GlobalSection(SolutionProperties) = preSolution
		HideSolutionNode = FALSE
	EndGlobalSection
	GlobalSection(ExtensibilityGlobals) = postSolution
		SolutionGuid = {2F74908D-9CF9-4A67-BA89-8678B1B760CA}
	EndGlobalSection
EndGlobal
